
Microsoft Visual Studio Solution File, Format Version 12.00
# Visual Studio Version 17
VisualStudioVersion = 17.4.33213.308
MinimumVisualStudioVersion = 10.0.40219.1
Project("{FAE04EC0-301F-11D3-BF4B-00C04F79EFBC}") = "oo_paises", "oo_paises\oo_paises.csproj", "{BBD2CE01-1582-4879-BF46-888A8D483794}"
EndProject
Global
	GlobalSection(SolutionConfigurationPlatforms) = preSolution
		Debug|Any CPU = Debug|Any CPU
		Release|Any CPU = Release|Any CPU
	EndGlobalSection
	GlobalSection(ProjectConfigurationPlatforms) = postSolution
		{BBD2CE01-1582-4879-BF46-888A8D483794}.Debug|Any CPU.ActiveCfg = Debug|Any CPU
		{BBD2CE01-1582-4879-BF46-888A8D483794}.Debug|Any CPU.Build.0 = Debug|Any CPU
		{BBD2CE01-1582-4879-BF46-888A8D483794}.Release|Any CPU.ActiveCfg = Release|Any CPU
		{BBD2CE01-1582-4879-BF46-888A8D483794}.Release|Any CPU.Build.0 = Release|Any CPU
	EndGlobalSection
	GlobalSection(SolutionProperties) = preSolution
		HideSolutionNode = FALSE
	EndGlobalSection
	GlobalSection(ExtensibilityGlobals) = postSolution
		SolutionGuid = {3ED792FB-BE2A-47FF-9339-04EEFE071BAC}
	EndGlobalSection
EndGlobal
